{
    "_readme": [
        "This file locks the dependencies of your project to a known state",
        "Read more about it at https://getcomposer.org/doc/01-basic-usage.md#installing-dependencies",
        "This file is @generated automatically"
    ],
    "content-hash": "10cf6224ab964084b4b8e92df5c28b67",
    "packages": [
        {
            "name": "nikic/fast-route",
            "version": "dev-master",
            "source": {
                "type": "git",
                "url": "https://github.com/nikic/FastRoute.git",
                "reference": "ea5d3abe8b9fc7d63bb42b0384cb1db60972ff68"
            },
            "dist": {
                "type": "zip",
                "url": "https://api.github.com/repos/nikic/FastRoute/zipball/ea5d3abe8b9fc7d63bb42b0384cb1db60972ff68",
                "reference": "ea5d3abe8b9fc7d63bb42b0384cb1db60972ff68",
                "shasum": ""
            },
            "require": {
                "php": ">=7.4.0"
            },
            "require-dev": {
                "doctrine/coding-standard": "^9.0",
                "phpbench/phpbench": "^1.0",
                "phpstan/extension-installer": "^1.0",
                "phpstan/phpstan": "^0.12",
                "phpstan/phpstan-deprecation-rules": "^0.12",
                "phpstan/phpstan-phpunit": "^0.12",
                "phpstan/phpstan-strict-rules": "^0.12",
                "phpunit/phpunit": "^9.5"
            },
            "suggest": {
                "ext-apcu": "To be able to use APCu cache driver"
            },
            "default-branch": true,
            "type": "library",
            "extra": {
                "branch-alias": {
                    "dev-master": "2.0-dev"
                }
            },
            "autoload": {
                "files": [
                    "src/functions.php"
                ],
                "psr-4": {
                    "FastRoute\\": "src/"
                }
            },
            "notification-url": "https://packagist.org/downloads/",
            "license": [
                "BSD-3-Clause"
            ],
            "authors": [
                {
                    "name": "Nikita Popov",
                    "email": "nikic@php.net"
                }
            ],
            "description": "Fast request router for PHP",
            "keywords": [
                "router",
                "routing"
            ],
            "support": {
                "issues": "https://github.com/nikic/FastRoute/issues",
                "source": "https://github.com/nikic/FastRoute/tree/master"
            },
            "time": "2021-06-21T15:01:25+00:00"
        },
        {
            "name": "openswoole/core",
            "version": "dev-master",
            "source": {
                "type": "git",
                "url": "git@github.com:openswoole/core.git",
                "reference": "e04af6a9b8202216c9fb719cdcfb78705ad700a2"
            },
            "dist": {
                "type": "zip",
                "url": "https://api.github.com/repos/openswoole/core/zipball/e04af6a9b8202216c9fb719cdcfb78705ad700a2",
                "reference": "e04af6a9b8202216c9fb719cdcfb78705ad700a2",
                "shasum": ""
            },
            "require": {
                "php": ">=7.4",
                "psr/http-message": "^1.0",
                "psr/http-server-middleware": "^1.0.0"
            },
            "require-dev": {
                "ext-curl": "*",
                "ext-sockets": "*",
                "friendsofphp/php-cs-fixer": "^3.6",
                "openswoole/ide-helper": "^4.11",
                "php-http/psr7-integration-tests": "^1.1",
                "phpunit/phpunit": "^9.5"
            },
            "suggest": {
                "ext-mysqli": "*",
                "ext-openswoole": "*",
                "ext-pdo": "*",
                "ext-redis": "Required to use redis database, and the required version is greater than or equal to 3.1.3"
            },
            "default-branch": true,
            "type": "library",
            "autoload": {
                "psr-4": {
                    "OpenSwoole\\Core\\": "src/"
                },
                "files": [
                    "src/Coroutine/functions.php"
                ]
            },
            "license": [
                "Apache 2"
            ],
            "authors": [
                {
                    "name": "OpenSwoole Group",
                    "email": "hello@openswoole.com"
                }
            ],
            "description": "Openswoole core addons",
            "homepage": "https://openswoole.com",
            "keywords": [
                "http",
                "http2",
                "mqtt",
                "openswoole",
                "php",
                "tcp",
                "websocket"
            ],
            "support": {
                "docs": "https://openswoole.com/docs",
                "issues": "https://github.com/openswoole/openswoole/issues",
                "pull-request": "https://github.com/openswoole/openswoole/pulls",
                "source": "https://github.com/openswoole/openswoole"
            },
            "time": "2022-08-31T16:52:59+00:00"
        },
        {
            "name": "psr/http-message",
            "version": "dev-master",
            "source": {
                "type": "git",
                "url": "https://github.com/php-fig/http-message.git",
                "reference": "efd67d1dc14a7ef4fc4e518e7dee91c271d524e4"
            },
            "dist": {
                "type": "zip",
                "url": "https://api.github.com/repos/php-fig/http-message/zipball/efd67d1dc14a7ef4fc4e518e7dee91c271d524e4",
                "reference": "efd67d1dc14a7ef4fc4e518e7dee91c271d524e4",
                "shasum": ""
            },
            "require": {
                "php": ">=5.3.0"
            },
            "default-branch": true,
            "type": "library",
            "extra": {
                "branch-alias": {
                    "dev-master": "1.0.x-dev"
                }
            },
            "autoload": {
                "psr-4": {
                    "Psr\\Http\\Message\\": "src/"
                }
            },
            "notification-url": "https://packagist.org/downloads/",
            "license": [
                "MIT"
            ],
            "authors": [
                {
                    "name": "PHP-FIG",
                    "homepage": "http://www.php-fig.org/"
                }
            ],
            "description": "Common interface for HTTP messages",
            "homepage": "https://github.com/php-fig/http-message",
            "keywords": [
                "http",
                "http-message",
                "psr",
                "psr-7",
                "request",
                "response"
            ],
            "support": {
                "source": "https://github.com/php-fig/http-message/tree/master"
            },
            "time": "2019-08-29T13:16:46+00:00"
        },
        {
            "name": "psr/http-server-handler",
            "version": "dev-master",
            "source": {
                "type": "git",
                "url": "https://github.com/php-fig/http-server-handler.git",
                "reference": "cada5cd1c6a9871031e07f26d0f7b08c9de19039"
            },
            "dist": {
                "type": "zip",
                "url": "https://api.github.com/repos/php-fig/http-server-handler/zipball/cada5cd1c6a9871031e07f26d0f7b08c9de19039",
                "reference": "cada5cd1c6a9871031e07f26d0f7b08c9de19039",
                "shasum": ""
            },
            "require": {
                "php": ">=7.0",
                "psr/http-message": "^1.0"
            },
            "default-branch": true,
            "type": "library",
            "extra": {
                "branch-alias": {
                    "dev-master": "1.0.x-dev"
                }
            },
            "autoload": {
                "psr-4": {
                    "Psr\\Http\\Server\\": "src/"
                }
            },
            "notification-url": "https://packagist.org/downloads/",
            "license": [
                "MIT"
            ],
            "authors": [
                {
                    "name": "PHP-FIG",
                    "homepage": "https://www.php-fig.org/"
                }
            ],
            "description": "Common interface for HTTP server-side request handler",
            "keywords": [
                "handler",
                "http",
                "http-interop",
                "psr",
                "psr-15",
                "psr-7",
                "request",
                "response",
                "server"
            ],
            "support": {
                "source": "https://github.com/php-fig/http-server-handler/tree/master"
            },
            "time": "2020-09-17T16:52:43+00:00"
        },
        {
            "name": "psr/http-server-middleware",
            "version": "dev-master",
            "source": {
                "type": "git",
                "url": "https://github.com/php-fig/http-server-middleware.git",
                "reference": "adcb26d2fb28018fea3319d0035e46e8d08eb8c8"
            },
            "dist": {
                "type": "zip",
                "url": "https://api.github.com/repos/php-fig/http-server-middleware/zipball/adcb26d2fb28018fea3319d0035e46e8d08eb8c8",
                "reference": "adcb26d2fb28018fea3319d0035e46e8d08eb8c8",
                "shasum": ""
            },
            "require": {
                "php": ">=7.0",
                "psr/http-message": "^1.0",
                "psr/http-server-handler": "^1.0"
            },
            "default-branch": true,
            "type": "library",
            "extra": {
                "branch-alias": {
                    "dev-master": "1.0.x-dev"
                }
            },
            "autoload": {
                "psr-4": {
                    "Psr\\Http\\Server\\": "src/"
                }
            },
            "notification-url": "https://packagist.org/downloads/",
            "license": [
                "MIT"
            ],
            "authors": [
                {
                    "name": "PHP-FIG",
                    "homepage": "https://www.php-fig.org/"
                }
            ],
            "description": "Common interface for HTTP server-side middleware",
            "keywords": [
                "http",
                "http-interop",
                "middleware",
                "psr",
                "psr-15",
                "psr-7",
                "request",
                "response"
            ],
            "support": {
                "issues": "https://github.com/php-fig/http-server-middleware/issues",
                "source": "https://github.com/php-fig/http-server-middleware/tree/master"
            },
            "time": "2020-09-17T16:41:19+00:00"
        }
    ],
    "packages-dev": [],
    "aliases": [],
    "minimum-stability": "dev",
    "stability-flags": {
        "openswoole/core": 20,
        "nikic/fast-route": 20
    },
    "prefer-stable": false,
    "prefer-lowest": false,
    "platform": [],
    "platform-dev": [],
    "plugin-api-version": "2.1.0"
}
